
Microsoft Visual Studio Solution File, Format Version 12.00
# Visual Studio Version 16
VisualStudioVersion = 16.0.30804.86
MinimumVisualStudioVersion = 10.0.40219.1
Project("{FAE04EC0-301F-11D3-BF4B-00C04F79EFBC}") = "TestUngDung", "TestUngDung\TestUngDung.csproj", "{70C27331-DB24-491B-9527-2DEA36996FC2}"
EndProject
Project("{FAE04EC0-301F-11D3-BF4B-00C04F79EFBC}") = "ModelEF", "ModelEF\ModelEF.csproj", "{BC45FEA4-0FD1-4B6A-9220-B17542BA4B8D}"
EndProject
Global
	GlobalSection(SolutionConfigurationPlatforms) = preSolution
		Debug|Any CPU = Debug|Any CPU
		Release|Any CPU = Release|Any CPU
	EndGlobalSection
	GlobalSection(ProjectConfigurationPlatforms) = postSolution
		{70C27331-DB24-491B-9527-2DEA36996FC2}.Debug|Any CPU.ActiveCfg = Debug|Any CPU
		{70C27331-DB24-491B-9527-2DEA36996FC2}.Debug|Any CPU.Build.0 = Debug|Any CPU
		{70C27331-DB24-491B-9527-2DEA36996FC2}.Release|Any CPU.ActiveCfg = Release|Any CPU
		{70C27331-DB24-491B-9527-2DEA36996FC2}.Release|Any CPU.Build.0 = Release|Any CPU
		{BC45FEA4-0FD1-4B6A-9220-B17542BA4B8D}.Debug|Any CPU.ActiveCfg = Debug|Any CPU
		{BC45FEA4-0FD1-4B6A-9220-B17542BA4B8D}.Debug|Any CPU.Build.0 = Debug|Any CPU
		{BC45FEA4-0FD1-4B6A-9220-B17542BA4B8D}.Release|Any CPU.ActiveCfg = Release|Any CPU
		{BC45FEA4-0FD1-4B6A-9220-B17542BA4B8D}.Release|Any CPU.Build.0 = Release|Any CPU
	EndGlobalSection
	GlobalSection(SolutionProperties) = preSolution
		HideSolutionNode = FALSE
	EndGlobalSection
	GlobalSection(ExtensibilityGlobals) = postSolution
		SolutionGuid = {2C5D9A4E-5B35-4AE4-B23A-C563E3A18E1B}
	EndGlobalSection
EndGlobal
